// !$*UTF8*$!
{
	archiveVersion = 1;
	classes = {
	};
	objectVersion = 46;
	objects = {

/* Begin PBXBuildFile section */
		6184961D1A32E6C300DC28BE /* AppDelegate.swift in Sources */ = {isa = PBXBuildFile; fileRef = 6184961C1A32E6C300DC28BE /* AppDelegate.swift */; };
		6184961F1A32E6C300DC28BE /* MasterViewController.swift in Sources */ = {isa = PBXBuildFile; fileRef = 6184961E1A32E6C300DC28BE /* MasterViewController.swift */; };
		618496211A32E6C300DC28BE /* DetailViewController.swift in Sources */ = {isa = PBXBuildFile; fileRef = 618496201A32E6C300DC28BE /* DetailViewController.swift */; };
		618496241A32E6C400DC28BE /* Main.storyboard in Resources */ = {isa = PBXBuildFile; fileRef = 618496221A32E6C400DC28BE /* Main.storyboard */; };
		618496261A32E6C400DC28BE /* Images.xcassets in Resources */ = {isa = PBXBuildFile; fileRef = 618496251A32E6C400DC28BE /* Images.xcassets */; };
		618496291A32E6C400DC28BE /* LaunchScreen.xib in Resources */ = {isa = PBXBuildFile; fileRef = 618496271A32E6C400DC28BE /* LaunchScreen.xib */; };
		618496351A32E6C400DC28BE /* ListTests.swift in Sources */ = {isa = PBXBuildFile; fileRef = 618496341A32E6C400DC28BE /* ListTests.swift */; };
/* End PBXBuildFile section */

/* Begin PBXContainerItemProxy section */
		6184962F1A32E6C400DC28BE /* PBXContainerItemProxy */ = {
			isa = PBXContainerItemProxy;
			containerPortal = 6184960F1A32E6C300DC28BE /* Project object */;
			proxyType = 1;
			remoteGlobalIDString = 618496161A32E6C300DC28BE;
			remoteInfo = List;
		};
/* End PBXContainerItemProxy section */

/* Begin PBXFileReference section */
		618496171A32E6C300DC28BE /* List.app */ = {isa = PBXFileReference; explicitFileType = wrapper.application; includeInIndex = 0; path = List.app; sourceTree = BUILT_PRODUCTS_DIR; };
		6184961B1A32E6C300DC28BE /* Info.plist */ = {isa = PBXFileReference; lastKnownFileType = text.plist.xml; path = Info.plist; sourceTree = "<group>"; };
		6184961C1A32E6C300DC28BE /* AppDelegate.swift */ = {isa = PBXFileReference; lastKnownFileType = sourcecode.swift; path = AppDelegate.swift; sourceTree = "<group>"; };
		6184961E1A32E6C300DC28BE /* MasterViewController.swift */ = {isa = PBXFileReference; lastKnownFileType = sourcecode.swift; path = MasterViewController.swift; sourceTree = "<group>"; };
		618496201A32E6C300DC28BE /* DetailViewController.swift */ = {isa = PBXFileReference; lastKnownFileType = sourcecode.swift; path = DetailViewController.swift; sourceTree = "<group>"; };
		618496231A32E6C400DC28BE /* Base */ = {isa = PBXFileReference; lastKnownFileType = file.storyboard; name = Base; path = Base.lproj/Main.storyboard; sourceTree = "<group>"; };
		618496251A32E6C400DC28BE /* Images.xcassets */ = {isa = PBXFileReference; lastKnownFileType = folder.assetcatalog; path = Images.xcassets; sourceTree = "<group>"; };
		618496281A32E6C400DC28BE /* Base */ = {isa = PBXFileReference; lastKnownFileType = file.xib; name = Base; path = Base.lproj/LaunchScreen.xib; sourceTree = "<group>"; };
		6184962E1A32E6C400DC28BE /* ListTests.xctest */ = {isa = PBXFileReference; explicitFileType = wrapper.cfbundle; includeInIndex = 0; path = ListTests.xctest; sourceTree = BUILT_PRODUCTS_DIR; };
		618496331A32E6C400DC28BE /* Info.plist */ = {isa = PBXFileReference; lastKnownFileType = text.plist.xml; path = Info.plist; sourceTree = "<group>"; };
		618496341A32E6C400DC28BE /* ListTests.swift */ = {isa = PBXFileReference; lastKnownFileType = sourcecode.swift; path = ListTests.swift; sourceTree = "<group>"; };
/* End PBXFileReference section */

/* Begin PBXFrameworksBuildPhase section */
		618496141A32E6C300DC28BE /* Frameworks */ = {
			isa = PBXFrameworksBuildPhase;
			buildActionMask = 2147483647;
			files = (
			);
			runOnlyForDeploymentPostprocessing = 0;
		};
		6184962B1A32E6C400DC28BE /* Frameworks */ = {
			isa = PBXFrameworksBuildPhase;
			buildActionMask = 2147483647;
			files = (
			);
			runOnlyForDeploymentPostprocessing = 0;
		};
/* End PBXFrameworksBuildPhase section */

/* Begin PBXGroup section */
		6184960E1A32E6C300DC28BE = {
			isa = PBXGroup;
			children = (
				618496191A32E6C300DC28BE /* List */,
				618496311A32E6C400DC28BE /* ListTests */,
				618496181A32E6C300DC28BE /* Products */,
			);
			sourceTree = "<group>";
		};
		618496181A32E6C300DC28BE /* Products */ = {
			isa = PBXGroup;
			children = (
				618496171A32E6C300DC28BE /* List.app */,
				6184962E1A32E6C400DC28BE /* ListTests.xctest */,
			);
			name = Products;
			sourceTree = "<group>";
		};
		618496191A32E6C300DC28BE /* List */ = {
			isa = PBXGroup;
			children = (
				6184961C1A32E6C300DC28BE /* AppDelegate.swift */,
				6184961E1A32E6C300DC28BE /* MasterViewController.swift */,
				618496201A32E6C300DC28BE /* DetailViewController.swift */,
				618496221A32E6C400DC28BE /* Main.storyboard */,
				618496251A32E6C400DC28BE /* Images.xcassets */,
				618496271A32E6C400DC28BE /* LaunchScreen.xib */,
				6184961A1A32E6C300DC28BE /* Supporting Files */,
			);
			path = List;
			sourceTree = "<group>";
		};
		6184961A1A32E6C300DC28BE /* Supporting Files */ = {
			isa = PBXGroup;
			children = (
				6184961B1A32E6C300DC28BE /* Info.plist */,
			);
			name = "Supporting Files";
			sourceTree = "<group>";
		};
		618496311A32E6C400DC28BE /* ListTests */ = {
			isa = PBXGroup;
			children = (
				618496341A32E6C400DC28BE /* ListTests.swift */,
				618496321A32E6C400DC28BE /* Supporting Files */,
			);
			path = ListTests;
			sourceTree = "<group>";
		};
		618496321A32E6C400DC28BE /* Supporting Files */ = {
			isa = PBXGroup;
			children = (
				618496331A32E6C400DC28BE /* Info.plist */,
			);
			name = "Supporting Files";
			sourceTree = "<group>";
		};
/* End PBXGroup section */

/* Begin PBXNativeTarget section */
		618496161A32E6C300DC28BE /* List */ = {
			isa = PBXNativeTarget;
			buildConfigurationList = 618496381A32E6C400DC28BE /* Build configuration list for PBXNativeTarget "List" */;
			buildPhases = (
				618496131A32E6C300DC28BE /* Sources */,
				618496141A32E6C300DC28BE /* Frameworks */,
				618496151A32E6C300DC28BE /* Resources */,
			);
			buildRules = (
			);
			dependencies = (
			);
			name = List;
			productName = List;
			productReference = 618496171A32E6C300DC28BE /* List.app */;
			productType = "com.apple.product-type.application";
		};
		6184962D1A32E6C400DC28BE /* ListTests */ = {
			isa = PBXNativeTarget;
			buildConfigurationList = 6184963B1A32E6C400DC28BE /* Build configuration list for PBXNativeTarget "ListTests" */;
			buildPhases = (
				6184962A1A32E6C400DC28BE /* Sources */,
				6184962B1A32E6C400DC28BE /* Frameworks */,
				6184962C1A32E6C400DC28BE /* Resources */,
			);
			buildRules = (
			);
			dependencies = (
				618496301A32E6C400DC28BE /* PBXTargetDependency */,
			);
			name = ListTests;
			productName = ListTests;
			productReference = 6184962E1A32E6C400DC28BE /* ListTests.xctest */;
			productType = "com.apple.product-type.bundle.unit-test";
		};
/* End PBXNativeTarget section */

/* Begin PBXProject section */
		6184960F1A32E6C300DC28BE /* Project object */ = {
			isa = PBXProject;
			attributes = {
				LastUpgradeCheck = 0610;
				ORGANIZATIONNAME = "Daigo Shiroma";
				TargetAttributes = {
					618496161A32E6C300DC28BE = {
						CreatedOnToolsVersion = 6.1;
					};
					6184962D1A32E6C400DC28BE = {
						CreatedOnToolsVersion = 6.1;
						TestTargetID = 618496161A32E6C300DC28BE;
					};
				};
			};
			buildConfigurationList = 618496121A32E6C300DC28BE /* Build configuration list for PBXProject "List" */;
			compatibilityVersion = "Xcode 3.2";
			developmentRegion = English;
			hasScannedForEncodings = 0;
			knownRegions = (
				en,
				Base,
			);
			mainGroup = 6184960E1A32E6C300DC28BE;
			productRefGroup = 618496181A32E6C300DC28BE /* Products */;
			projectDirPath = "";
			projectRoot = "";
			targets = (
				618496161A32E6C300DC28BE /* List */,
				6184962D1A32E6C400DC28BE /* ListTests */,
			);
		};
/* End PBXProject section */

/* Begin PBXResourcesBuildPhase section */
		618496151A32E6C300DC28BE /* Resources */ = {
			isa = PBXResourcesBuildPhase;
			buildActionMask = 2147483647;
			files = (
				618496241A32E6C400DC28BE /* Main.storyboard in Resources */,
				618496291A32E6C400DC28BE /* LaunchScreen.xib in Resources */,
				618496261A32E6C400DC28BE /* Images.xcassets in Resources */,
			);
			runOnlyForDeploymentPostprocessing = 0;
		};
		6184962C1A32E6C400DC28BE /* Resources */ = {
			isa = PBXResourcesBuildPhase;
			buildActionMask = 2147483647;
			files = (
			);
			runOnlyForDeploymentPostprocessing = 0;
		};
/* End PBXResourcesBuildPhase section */

/* Begin PBXSourcesBuildPhase section */
		618496131A32E6C300DC28BE /* Sources */ = {
			isa = PBXSourcesBuildPhase;
			buildActionMask = 2147483647;
			files = (
				618496211A32E6C300DC28BE /* DetailViewController.swift in Sources */,
				6184961F1A32E6C300DC28BE /* MasterViewController.swift in Sources */,
				6184961D1A32E6C300DC28BE /* AppDelegate.swift in Sources */,
			);
			runOnlyForDeploymentPostprocessing = 0;
		};
		6184962A1A32E6C400DC28BE /* Sources */ = {
			isa = PBXSourcesBuildPhase;
			buildActionMask = 2147483647;
			files = (
				618496351A32E6C400DC28BE /* ListTests.swift in Sources */,
			);
			runOnlyForDeploymentPostprocessing = 0;
		};
/* End PBXSourcesBuildPhase section */

/* Begin PBXTargetDependency section */
		618496301A32E6C400DC28BE /* PBXTargetDependency */ = {
			isa = PBXTargetDependency;
			target = 618496161A32E6C300DC28BE /* List */;
			targetProxy = 6184962F1A32E6C400DC28BE /* PBXContainerItemProxy */;
		};
/* End PBXTargetDependency section */

/* Begin PBXVariantGroup section */
		618496221A32E6C400DC28BE /* Main.storyboard */ = {
			isa = PBXVariantGroup;
			children = (
				618496231A32E6C400DC28BE /* Base */,
			);
			name = Main.storyboard;
			sourceTree = "<group>";
		};
		618496271A32E6C400DC28BE /* LaunchScreen.xib */ = {
			isa = PBXVariantGroup;
			children = (
				618496281A32E6C400DC28BE /* Base */,
			);
			name = LaunchScreen.xib;
			sourceTree = "<group>";
		};
/* End PBXVariantGroup section */

/* Begin XCBuildConfiguration section */
		618496361A32E6C400DC28BE /* Debug */ = {
			isa = XCBuildConfiguration;
			buildSettings = {
				ALWAYS_SEARCH_USER_PATHS = NO;
				CLANG_CXX_LANGUAGE_STANDARD = "gnu++0x";
				CLANG_CXX_LIBRARY = "libc++";
				CLANG_ENABLE_MODULES = YES;
				CLANG_ENABLE_OBJC_ARC = YES;
				CLANG_WARN_BOOL_CONVERSION = YES;
				CLANG_WARN_CONSTANT_CONVERSION = YES;
				CLANG_WARN_DIRECT_OBJC_ISA_USAGE = YES_ERROR;
				CLANG_WARN_EMPTY_BODY = YES;
				CLANG_WARN_ENUM_CONVERSION = YES;
				CLANG_WARN_INT_CONVERSION = YES;
				CLANG_WARN_OBJC_ROOT_CLASS = YES_ERROR;
				CLANG_WARN_UNREACHABLE_CODE = YES;
				CLANG_WARN__DUPLICATE_METHOD_MATCH = YES;
				"CODE_SIGN_IDENTITY[sdk=iphoneos*]" = "iPhone Developer";
				COPY_PHASE_STRIP = NO;
				ENABLE_STRICT_OBJC_MSGSEND = YES;
				GCC_C_LANGUAGE_STANDARD = gnu99;
				GCC_DYNAMIC_NO_PIC = NO;
				GCC_OPTIMIZATION_LEVEL = 0;
				GCC_PREPROCESSOR_DEFINITIONS = (
					"DEBUG=1",
					"$(inherited)",
				);
				GCC_SYMBOLS_PRIVATE_EXTERN = NO;
				GCC_WARN_64_TO_32_BIT_CONVERSION = YES;
				GCC_WARN_ABOUT_RETURN_TYPE = YES_ERROR;
				GCC_WARN_UNDECLARED_SELECTOR = YES;
				GCC_WARN_UNINITIALIZED_AUTOS = YES_AGGRESSIVE;
				GCC_WARN_UNUSED_FUNCTION = YES;
				GCC_WARN_UNUSED_VARIABLE = YES;
				IPHONEOS_DEPLOYMENT_TARGET = 8.1;
				MTL_ENABLE_DEBUG_INFO = YES;
				ONLY_ACTIVE_ARCH = YES;
				SDKROOT = iphoneos;
				SWIFT_OPTIMIZATION_LEVEL = "-Onone";
				TARGETED_DEVICE_FAMILY = "1,2";
			};
			name = Debug;
		};
		618496371A32E6C400DC28BE /* Release */ = {
			isa = XCBuildConfiguration;
			buildSettings = {
				ALWAYS_SEARCH_USER_PATHS = NO;
				CLANG_CXX_LANGUAGE_STANDARD = "gnu++0x";
				CLANG_CXX_LIBRARY = "libc++";
				CLANG_ENABLE_MODULES = YES;
				CLANG_ENABLE_OBJC_ARC = YES;
				CLANG_WARN_BOOL_CONVERSION = YES;
				CLANG_WARN_CONSTANT_CONVERSION = YES;
				CLANG_WARN_DIRECT_OBJC_ISA_USAGE = YES_ERROR;
				CLANG_WARN_EMPTY_BODY = YES;
				CLANG_WARN_ENUM_CONVERSION = YES;
				CLANG_WARN_INT_CONVERSION = YES;
				CLANG_WARN_OBJC_ROOT_CLASS = YES_ERROR;
				CLANG_WARN_UNREACHABLE_CODE = YES;
				CLANG_WARN__DUPLICATE_METHOD_MATCH = YES;
				"CODE_SIGN_IDENTITY[sdk=iphoneos*]" = "iPhone Developer";
				COPY_PHASE_STRIP = YES;
				ENABLE_NS_ASSERTIONS = NO;
				ENABLE_STRICT_OBJC_MSGSEND = YES;
				GCC_C_LANGUAGE_STANDARD = gnu99;
				GCC_WARN_64_TO_32_BIT_CONVERSION = YES;
				GCC_WARN_ABOUT_RETURN_TYPE = YES_ERROR;
				GCC_WARN_UNDECLARED_SELECTOR = YES;
				GCC_WARN_UNINITIALIZED_AUTOS = YES_AGGRESSIVE;
				GCC_WARN_UNUSED_FUNCTION = YES;
				GCC_WARN_UNUSED_VARIABLE = YES;
				IPHONEOS_DEPLOYMENT_TARGET = 8.1;
				MTL_ENABLE_DEBUG_INFO = NO;
				SDKROOT = iphoneos;
				TARGETED_DEVICE_FAMILY = "1,2";
				VALIDATE_PRODUCT = YES;
			};
			name = Release;
		};
		618496391A32E6C400DC28BE /* Debug */ = {
			isa = XCBuildConfiguration;
			buildSettings = {
				ASSETCATALOG_COMPILER_APPICON_NAME = AppIcon;
				INFOPLIST_FILE = List/Info.plist;
				LD_RUNPATH_SEARCH_PATHS = "$(inherited) @executable_path/Frameworks";
				PRODUCT_NAME = "$(TARGET_NAME)";
			};
			name = Debug;
		};
		6184963A1A32E6C400DC28BE /* Release */ = {
			isa = XCBuildConfiguration;
			buildSettings = {
				ASSETCATALOG_COMPILER_APPICON_NAME = AppIcon;
				INFOPLIST_FILE = List/Info.plist;
				LD_RUNPATH_SEARCH_PATHS = "$(inherited) @executable_path/Frameworks";
				PRODUCT_NAME = "$(TARGET_NAME)";
			};
			name = Release;
		};
		6184963C1A32E6C400DC28BE /* Debug */ = {
			isa = XCBuildConfiguration;
			buildSettings = {
				BUNDLE_LOADER = "$(TEST_HOST)";
				FRAMEWORK_SEARCH_PATHS = (
					"$(SDKROOT)/Developer/Library/Frameworks",
					"$(inherited)",
				);
				GCC_PREPROCESSOR_DEFINITIONS = (
					"DEBUG=1",
					"$(inherited)",
				);
				INFOPLIST_FILE = ListTests/Info.plist;
				LD_RUNPATH_SEARCH_PATHS = "$(inherited) @executable_path/Frameworks @loader_path/Frameworks";
				PRODUCT_NAME = "$(TARGET_NAME)";
				TEST_HOST = "$(BUILT_PRODUCTS_DIR)/List.app/List";
			};
			name = Debug;
		};
		6184963D1A32E6C400DC28BE /* Release */ = {
			isa = XCBuildConfiguration;
			buildSettings = {
				BUNDLE_LOADER = "$(TEST_HOST)";
				FRAMEWORK_SEARCH_PATHS = (
					"$(SDKROOT)/Developer/Library/Frameworks",
					"$(inherited)",
				);
				INFOPLIST_FILE = ListTests/Info.plist;
				LD_RUNPATH_SEARCH_PATHS = "$(inherited) @executable_path/Frameworks @loader_path/Frameworks";
				PRODUCT_NAME = "$(TARGET_NAME)";
				TEST_HOST = "$(BUILT_PRODUCTS_DIR)/List.app/List";
			};
			name = Release;
		};
/* End XCBuildConfiguration section */

/* Begin XCConfigurationList section */
		618496121A32E6C300DC28BE /* Build configuration list for PBXProject "List" */ = {
			isa = XCConfigurationList;
			buildConfigurations = (
				618496361A32E6C400DC28BE /* Debug */,
				618496371A32E6C400DC28BE /* Release */,
			);
			defaultConfigurationIsVisible = 0;
			defaultConfigurationName = Release;
		};
		618496381A32E6C400DC28BE /* Build configuration list for PBXNativeTarget "List" */ = {
			isa = XCConfigurationList;
			buildConfigurations = (
				618496391A32E6C400DC28BE /* Debug */,
				6184963A1A32E6C400DC28BE /* Release */,
			);
			defaultConfigurationIsVisible = 0;
		};
		6184963B1A32E6C400DC28BE /* Build configuration list for PBXNativeTarget "ListTests" */ = {
			isa = XCConfigurationList;
			buildConfigurations = (
				6184963C1A32E6C400DC28BE /* Debug */,
				6184963D1A32E6C400DC28BE /* Release */,
			);
			defaultConfigurationIsVisible = 0;
		};
/* End XCConfigurationList section */
	};
	rootObject = 6184960F1A32E6C300DC28BE /* Project object */;
}
