// !$*UTF8*$!
{
	archiveVersion = 1;
	classes = {
	};
	objectVersion = 46;
	objects = {

/* Begin PBXBuildFile section */
		61BFA58E1A4176DD008028C7 /* AppDelegate.swift in Sources */ = {isa = PBXBuildFile; fileRef = 61BFA58D1A4176DD008028C7 /* AppDelegate.swift */; };
		61BFA5901A4176DD008028C7 /* MasterViewController.swift in Sources */ = {isa = PBXBuildFile; fileRef = 61BFA58F1A4176DD008028C7 /* MasterViewController.swift */; };
		61BFA5921A4176DD008028C7 /* DetailViewController.swift in Sources */ = {isa = PBXBuildFile; fileRef = 61BFA5911A4176DD008028C7 /* DetailViewController.swift */; };
		61BFA5951A4176DD008028C7 /* Main.storyboard in Resources */ = {isa = PBXBuildFile; fileRef = 61BFA5931A4176DD008028C7 /* Main.storyboard */; };
		61BFA5971A4176DD008028C7 /* Images.xcassets in Resources */ = {isa = PBXBuildFile; fileRef = 61BFA5961A4176DD008028C7 /* Images.xcassets */; };
		61BFA59A1A4176DD008028C7 /* LaunchScreen.xib in Resources */ = {isa = PBXBuildFile; fileRef = 61BFA5981A4176DD008028C7 /* LaunchScreen.xib */; };
		61BFA5A61A4176DE008028C7 /* ToDoListTests.swift in Sources */ = {isa = PBXBuildFile; fileRef = 61BFA5A51A4176DE008028C7 /* ToDoListTests.swift */; };
/* End PBXBuildFile section */

/* Begin PBXContainerItemProxy section */
		61BFA5A01A4176DE008028C7 /* PBXContainerItemProxy */ = {
			isa = PBXContainerItemProxy;
			containerPortal = 61BFA5801A4176DD008028C7 /* Project object */;
			proxyType = 1;
			remoteGlobalIDString = 61BFA5871A4176DD008028C7;
			remoteInfo = ToDoList;
		};
/* End PBXContainerItemProxy section */

/* Begin PBXFileReference section */
		61BFA5881A4176DD008028C7 /* ToDoList.app */ = {isa = PBXFileReference; explicitFileType = wrapper.application; includeInIndex = 0; path = ToDoList.app; sourceTree = BUILT_PRODUCTS_DIR; };
		61BFA58C1A4176DD008028C7 /* Info.plist */ = {isa = PBXFileReference; lastKnownFileType = text.plist.xml; path = Info.plist; sourceTree = "<group>"; };
		61BFA58D1A4176DD008028C7 /* AppDelegate.swift */ = {isa = PBXFileReference; lastKnownFileType = sourcecode.swift; path = AppDelegate.swift; sourceTree = "<group>"; };
		61BFA58F1A4176DD008028C7 /* MasterViewController.swift */ = {isa = PBXFileReference; lastKnownFileType = sourcecode.swift; path = MasterViewController.swift; sourceTree = "<group>"; };
		61BFA5911A4176DD008028C7 /* DetailViewController.swift */ = {isa = PBXFileReference; lastKnownFileType = sourcecode.swift; path = DetailViewController.swift; sourceTree = "<group>"; };
		61BFA5941A4176DD008028C7 /* Base */ = {isa = PBXFileReference; lastKnownFileType = file.storyboard; name = Base; path = Base.lproj/Main.storyboard; sourceTree = "<group>"; };
		61BFA5961A4176DD008028C7 /* Images.xcassets */ = {isa = PBXFileReference; lastKnownFileType = folder.assetcatalog; path = Images.xcassets; sourceTree = "<group>"; };
		61BFA5991A4176DD008028C7 /* Base */ = {isa = PBXFileReference; lastKnownFileType = file.xib; name = Base; path = Base.lproj/LaunchScreen.xib; sourceTree = "<group>"; };
		61BFA59F1A4176DE008028C7 /* ToDoListTests.xctest */ = {isa = PBXFileReference; explicitFileType = wrapper.cfbundle; includeInIndex = 0; path = ToDoListTests.xctest; sourceTree = BUILT_PRODUCTS_DIR; };
		61BFA5A41A4176DE008028C7 /* Info.plist */ = {isa = PBXFileReference; lastKnownFileType = text.plist.xml; path = Info.plist; sourceTree = "<group>"; };
		61BFA5A51A4176DE008028C7 /* ToDoListTests.swift */ = {isa = PBXFileReference; lastKnownFileType = sourcecode.swift; path = ToDoListTests.swift; sourceTree = "<group>"; };
/* End PBXFileReference section */

/* Begin PBXFrameworksBuildPhase section */
		61BFA5851A4176DD008028C7 /* Frameworks */ = {
			isa = PBXFrameworksBuildPhase;
			buildActionMask = 2147483647;
			files = (
			);
			runOnlyForDeploymentPostprocessing = 0;
		};
		61BFA59C1A4176DE008028C7 /* Frameworks */ = {
			isa = PBXFrameworksBuildPhase;
			buildActionMask = 2147483647;
			files = (
			);
			runOnlyForDeploymentPostprocessing = 0;
		};
/* End PBXFrameworksBuildPhase section */

/* Begin PBXGroup section */
		61BFA57F1A4176DD008028C7 = {
			isa = PBXGroup;
			children = (
				61BFA58A1A4176DD008028C7 /* ToDoList */,
				61BFA5A21A4176DE008028C7 /* ToDoListTests */,
				61BFA5891A4176DD008028C7 /* Products */,
			);
			sourceTree = "<group>";
		};
		61BFA5891A4176DD008028C7 /* Products */ = {
			isa = PBXGroup;
			children = (
				61BFA5881A4176DD008028C7 /* ToDoList.app */,
				61BFA59F1A4176DE008028C7 /* ToDoListTests.xctest */,
			);
			name = Products;
			sourceTree = "<group>";
		};
		61BFA58A1A4176DD008028C7 /* ToDoList */ = {
			isa = PBXGroup;
			children = (
				61BFA58D1A4176DD008028C7 /* AppDelegate.swift */,
				61BFA58F1A4176DD008028C7 /* MasterViewController.swift */,
				61BFA5911A4176DD008028C7 /* DetailViewController.swift */,
				61BFA5931A4176DD008028C7 /* Main.storyboard */,
				61BFA5961A4176DD008028C7 /* Images.xcassets */,
				61BFA5981A4176DD008028C7 /* LaunchScreen.xib */,
				61BFA58B1A4176DD008028C7 /* Supporting Files */,
			);
			path = ToDoList;
			sourceTree = "<group>";
		};
		61BFA58B1A4176DD008028C7 /* Supporting Files */ = {
			isa = PBXGroup;
			children = (
				61BFA58C1A4176DD008028C7 /* Info.plist */,
			);
			name = "Supporting Files";
			sourceTree = "<group>";
		};
		61BFA5A21A4176DE008028C7 /* ToDoListTests */ = {
			isa = PBXGroup;
			children = (
				61BFA5A51A4176DE008028C7 /* ToDoListTests.swift */,
				61BFA5A31A4176DE008028C7 /* Supporting Files */,
			);
			path = ToDoListTests;
			sourceTree = "<group>";
		};
		61BFA5A31A4176DE008028C7 /* Supporting Files */ = {
			isa = PBXGroup;
			children = (
				61BFA5A41A4176DE008028C7 /* Info.plist */,
			);
			name = "Supporting Files";
			sourceTree = "<group>";
		};
/* End PBXGroup section */

/* Begin PBXNativeTarget section */
		61BFA5871A4176DD008028C7 /* ToDoList */ = {
			isa = PBXNativeTarget;
			buildConfigurationList = 61BFA5A91A4176DE008028C7 /* Build configuration list for PBXNativeTarget "ToDoList" */;
			buildPhases = (
				61BFA5841A4176DD008028C7 /* Sources */,
				61BFA5851A4176DD008028C7 /* Frameworks */,
				61BFA5861A4176DD008028C7 /* Resources */,
			);
			buildRules = (
			);
			dependencies = (
			);
			name = ToDoList;
			productName = ToDoList;
			productReference = 61BFA5881A4176DD008028C7 /* ToDoList.app */;
			productType = "com.apple.product-type.application";
		};
		61BFA59E1A4176DE008028C7 /* ToDoListTests */ = {
			isa = PBXNativeTarget;
			buildConfigurationList = 61BFA5AC1A4176DE008028C7 /* Build configuration list for PBXNativeTarget "ToDoListTests" */;
			buildPhases = (
				61BFA59B1A4176DE008028C7 /* Sources */,
				61BFA59C1A4176DE008028C7 /* Frameworks */,
				61BFA59D1A4176DE008028C7 /* Resources */,
			);
			buildRules = (
			);
			dependencies = (
				61BFA5A11A4176DE008028C7 /* PBXTargetDependency */,
			);
			name = ToDoListTests;
			productName = ToDoListTests;
			productReference = 61BFA59F1A4176DE008028C7 /* ToDoListTests.xctest */;
			productType = "com.apple.product-type.bundle.unit-test";
		};
/* End PBXNativeTarget section */

/* Begin PBXProject section */
		61BFA5801A4176DD008028C7 /* Project object */ = {
			isa = PBXProject;
			attributes = {
				LastUpgradeCheck = 0610;
				ORGANIZATIONNAME = "Daigo Shiroma";
				TargetAttributes = {
					61BFA5871A4176DD008028C7 = {
						CreatedOnToolsVersion = 6.1.1;
					};
					61BFA59E1A4176DE008028C7 = {
						CreatedOnToolsVersion = 6.1.1;
						TestTargetID = 61BFA5871A4176DD008028C7;
					};
				};
			};
			buildConfigurationList = 61BFA5831A4176DD008028C7 /* Build configuration list for PBXProject "ToDoList" */;
			compatibilityVersion = "Xcode 3.2";
			developmentRegion = English;
			hasScannedForEncodings = 0;
			knownRegions = (
				en,
				Base,
			);
			mainGroup = 61BFA57F1A4176DD008028C7;
			productRefGroup = 61BFA5891A4176DD008028C7 /* Products */;
			projectDirPath = "";
			projectRoot = "";
			targets = (
				61BFA5871A4176DD008028C7 /* ToDoList */,
				61BFA59E1A4176DE008028C7 /* ToDoListTests */,
			);
		};
/* End PBXProject section */

/* Begin PBXResourcesBuildPhase section */
		61BFA5861A4176DD008028C7 /* Resources */ = {
			isa = PBXResourcesBuildPhase;
			buildActionMask = 2147483647;
			files = (
				61BFA5951A4176DD008028C7 /* Main.storyboard in Resources */,
				61BFA59A1A4176DD008028C7 /* LaunchScreen.xib in Resources */,
				61BFA5971A4176DD008028C7 /* Images.xcassets in Resources */,
			);
			runOnlyForDeploymentPostprocessing = 0;
		};
		61BFA59D1A4176DE008028C7 /* Resources */ = {
			isa = PBXResourcesBuildPhase;
			buildActionMask = 2147483647;
			files = (
			);
			runOnlyForDeploymentPostprocessing = 0;
		};
/* End PBXResourcesBuildPhase section */

/* Begin PBXSourcesBuildPhase section */
		61BFA5841A4176DD008028C7 /* Sources */ = {
			isa = PBXSourcesBuildPhase;
			buildActionMask = 2147483647;
			files = (
				61BFA5921A4176DD008028C7 /* DetailViewController.swift in Sources */,
				61BFA5901A4176DD008028C7 /* MasterViewController.swift in Sources */,
				61BFA58E1A4176DD008028C7 /* AppDelegate.swift in Sources */,
			);
			runOnlyForDeploymentPostprocessing = 0;
		};
		61BFA59B1A4176DE008028C7 /* Sources */ = {
			isa = PBXSourcesBuildPhase;
			buildActionMask = 2147483647;
			files = (
				61BFA5A61A4176DE008028C7 /* ToDoListTests.swift in Sources */,
			);
			runOnlyForDeploymentPostprocessing = 0;
		};
/* End PBXSourcesBuildPhase section */

/* Begin PBXTargetDependency section */
		61BFA5A11A4176DE008028C7 /* PBXTargetDependency */ = {
			isa = PBXTargetDependency;
			target = 61BFA5871A4176DD008028C7 /* ToDoList */;
			targetProxy = 61BFA5A01A4176DE008028C7 /* PBXContainerItemProxy */;
		};
/* End PBXTargetDependency section */

/* Begin PBXVariantGroup section */
		61BFA5931A4176DD008028C7 /* Main.storyboard */ = {
			isa = PBXVariantGroup;
			children = (
				61BFA5941A4176DD008028C7 /* Base */,
			);
			name = Main.storyboard;
			sourceTree = "<group>";
		};
		61BFA5981A4176DD008028C7 /* LaunchScreen.xib */ = {
			isa = PBXVariantGroup;
			children = (
				61BFA5991A4176DD008028C7 /* Base */,
			);
			name = LaunchScreen.xib;
			sourceTree = "<group>";
		};
/* End PBXVariantGroup section */

/* Begin XCBuildConfiguration section */
		61BFA5A71A4176DE008028C7 /* Debug */ = {
			isa = XCBuildConfiguration;
			buildSettings = {
				ALWAYS_SEARCH_USER_PATHS = NO;
				CLANG_CXX_LANGUAGE_STANDARD = "gnu++0x";
				CLANG_CXX_LIBRARY = "libc++";
				CLANG_ENABLE_MODULES = YES;
				CLANG_ENABLE_OBJC_ARC = YES;
				CLANG_WARN_BOOL_CONVERSION = YES;
				CLANG_WARN_CONSTANT_CONVERSION = YES;
				CLANG_WARN_DIRECT_OBJC_ISA_USAGE = YES_ERROR;
				CLANG_WARN_EMPTY_BODY = YES;
				CLANG_WARN_ENUM_CONVERSION = YES;
				CLANG_WARN_INT_CONVERSION = YES;
				CLANG_WARN_OBJC_ROOT_CLASS = YES_ERROR;
				CLANG_WARN_UNREACHABLE_CODE = YES;
				CLANG_WARN__DUPLICATE_METHOD_MATCH = YES;
				"CODE_SIGN_IDENTITY[sdk=iphoneos*]" = "iPhone Developer";
				COPY_PHASE_STRIP = NO;
				ENABLE_STRICT_OBJC_MSGSEND = YES;
				GCC_C_LANGUAGE_STANDARD = gnu99;
				GCC_DYNAMIC_NO_PIC = NO;
				GCC_OPTIMIZATION_LEVEL = 0;
				GCC_PREPROCESSOR_DEFINITIONS = (
					"DEBUG=1",
					"$(inherited)",
				);
				GCC_SYMBOLS_PRIVATE_EXTERN = NO;
				GCC_WARN_64_TO_32_BIT_CONVERSION = YES;
				GCC_WARN_ABOUT_RETURN_TYPE = YES_ERROR;
				GCC_WARN_UNDECLARED_SELECTOR = YES;
				GCC_WARN_UNINITIALIZED_AUTOS = YES_AGGRESSIVE;
				GCC_WARN_UNUSED_FUNCTION = YES;
				GCC_WARN_UNUSED_VARIABLE = YES;
				IPHONEOS_DEPLOYMENT_TARGET = 8.1;
				MTL_ENABLE_DEBUG_INFO = YES;
				ONLY_ACTIVE_ARCH = YES;
				SDKROOT = iphoneos;
				SWIFT_OPTIMIZATION_LEVEL = "-Onone";
				TARGETED_DEVICE_FAMILY = "1,2";
			};
			name = Debug;
		};
		61BFA5A81A4176DE008028C7 /* Release */ = {
			isa = XCBuildConfiguration;
			buildSettings = {
				ALWAYS_SEARCH_USER_PATHS = NO;
				CLANG_CXX_LANGUAGE_STANDARD = "gnu++0x";
				CLANG_CXX_LIBRARY = "libc++";
				CLANG_ENABLE_MODULES = YES;
				CLANG_ENABLE_OBJC_ARC = YES;
				CLANG_WARN_BOOL_CONVERSION = YES;
				CLANG_WARN_CONSTANT_CONVERSION = YES;
				CLANG_WARN_DIRECT_OBJC_ISA_USAGE = YES_ERROR;
				CLANG_WARN_EMPTY_BODY = YES;
				CLANG_WARN_ENUM_CONVERSION = YES;
				CLANG_WARN_INT_CONVERSION = YES;
				CLANG_WARN_OBJC_ROOT_CLASS = YES_ERROR;
				CLANG_WARN_UNREACHABLE_CODE = YES;
				CLANG_WARN__DUPLICATE_METHOD_MATCH = YES;
				"CODE_SIGN_IDENTITY[sdk=iphoneos*]" = "iPhone Developer";
				COPY_PHASE_STRIP = YES;
				ENABLE_NS_ASSERTIONS = NO;
				ENABLE_STRICT_OBJC_MSGSEND = YES;
				GCC_C_LANGUAGE_STANDARD = gnu99;
				GCC_WARN_64_TO_32_BIT_CONVERSION = YES;
				GCC_WARN_ABOUT_RETURN_TYPE = YES_ERROR;
				GCC_WARN_UNDECLARED_SELECTOR = YES;
				GCC_WARN_UNINITIALIZED_AUTOS = YES_AGGRESSIVE;
				GCC_WARN_UNUSED_FUNCTION = YES;
				GCC_WARN_UNUSED_VARIABLE = YES;
				IPHONEOS_DEPLOYMENT_TARGET = 8.1;
				MTL_ENABLE_DEBUG_INFO = NO;
				SDKROOT = iphoneos;
				TARGETED_DEVICE_FAMILY = "1,2";
				VALIDATE_PRODUCT = YES;
			};
			name = Release;
		};
		61BFA5AA1A4176DE008028C7 /* Debug */ = {
			isa = XCBuildConfiguration;
			buildSettings = {
				ASSETCATALOG_COMPILER_APPICON_NAME = AppIcon;
				INFOPLIST_FILE = ToDoList/Info.plist;
				LD_RUNPATH_SEARCH_PATHS = "$(inherited) @executable_path/Frameworks";
				PRODUCT_NAME = "$(TARGET_NAME)";
			};
			name = Debug;
		};
		61BFA5AB1A4176DE008028C7 /* Release */ = {
			isa = XCBuildConfiguration;
			buildSettings = {
				ASSETCATALOG_COMPILER_APPICON_NAME = AppIcon;
				INFOPLIST_FILE = ToDoList/Info.plist;
				LD_RUNPATH_SEARCH_PATHS = "$(inherited) @executable_path/Frameworks";
				PRODUCT_NAME = "$(TARGET_NAME)";
			};
			name = Release;
		};
		61BFA5AD1A4176DE008028C7 /* Debug */ = {
			isa = XCBuildConfiguration;
			buildSettings = {
				BUNDLE_LOADER = "$(TEST_HOST)";
				FRAMEWORK_SEARCH_PATHS = (
					"$(SDKROOT)/Developer/Library/Frameworks",
					"$(inherited)",
				);
				GCC_PREPROCESSOR_DEFINITIONS = (
					"DEBUG=1",
					"$(inherited)",
				);
				INFOPLIST_FILE = ToDoListTests/Info.plist;
				LD_RUNPATH_SEARCH_PATHS = "$(inherited) @executable_path/Frameworks @loader_path/Frameworks";
				PRODUCT_NAME = "$(TARGET_NAME)";
				TEST_HOST = "$(BUILT_PRODUCTS_DIR)/ToDoList.app/ToDoList";
			};
			name = Debug;
		};
		61BFA5AE1A4176DE008028C7 /* Release */ = {
			isa = XCBuildConfiguration;
			buildSettings = {
				BUNDLE_LOADER = "$(TEST_HOST)";
				FRAMEWORK_SEARCH_PATHS = (
					"$(SDKROOT)/Developer/Library/Frameworks",
					"$(inherited)",
				);
				INFOPLIST_FILE = ToDoListTests/Info.plist;
				LD_RUNPATH_SEARCH_PATHS = "$(inherited) @executable_path/Frameworks @loader_path/Frameworks";
				PRODUCT_NAME = "$(TARGET_NAME)";
				TEST_HOST = "$(BUILT_PRODUCTS_DIR)/ToDoList.app/ToDoList";
			};
			name = Release;
		};
/* End XCBuildConfiguration section */

/* Begin XCConfigurationList section */
		61BFA5831A4176DD008028C7 /* Build configuration list for PBXProject "ToDoList" */ = {
			isa = XCConfigurationList;
			buildConfigurations = (
				61BFA5A71A4176DE008028C7 /* Debug */,
				61BFA5A81A4176DE008028C7 /* Release */,
			);
			defaultConfigurationIsVisible = 0;
			defaultConfigurationName = Release;
		};
		61BFA5A91A4176DE008028C7 /* Build configuration list for PBXNativeTarget "ToDoList" */ = {
			isa = XCConfigurationList;
			buildConfigurations = (
				61BFA5AA1A4176DE008028C7 /* Debug */,
				61BFA5AB1A4176DE008028C7 /* Release */,
			);
			defaultConfigurationIsVisible = 0;
		};
		61BFA5AC1A4176DE008028C7 /* Build configuration list for PBXNativeTarget "ToDoListTests" */ = {
			isa = XCConfigurationList;
			buildConfigurations = (
				61BFA5AD1A4176DE008028C7 /* Debug */,
				61BFA5AE1A4176DE008028C7 /* Release */,
			);
			defaultConfigurationIsVisible = 0;
		};
/* End XCConfigurationList section */
	};
	rootObject = 61BFA5801A4176DD008028C7 /* Project object */;
}
